
Microsoft Visual Studio Solution File, Format Version 12.00
# Visual Studio Version 17
VisualStudioVersion = 17.2.32516.85
MinimumVisualStudioVersion = 10.0.40219.1
Project("{FAE04EC0-301F-11D3-BF4B-00C04F79EFBC}") = "Test_login1.UWP", "Test_login1\Test_login1.UWP\Test_login1.UWP.csproj", "{8AC5E5D0-FC25-4B29-AB75-57FEA0214375}"
EndProject
Project("{FAE04EC0-301F-11D3-BF4B-00C04F79EFBC}") = "Test_login1.Android", "Test_login1\Test_login1.Android\Test_login1.Android.csproj", "{AEC41E63-FEBD-4A74-9241-AB4791C05B32}"
EndProject
Project("{FAE04EC0-301F-11D3-BF4B-00C04F79EFBC}") = "Test_login1.iOS", "Test_login1\Test_login1.iOS\Test_login1.iOS.csproj", "{7AEF2C06-4A76-49DE-94C0-15265BB6551F}"
EndProject
Project("{FAE04EC0-301F-11D3-BF4B-00C04F79EFBC}") = "Test_login1", "Test_login1\Test_login1\Test_login1.csproj", "{2DB38C11-DA7C-44FF-8952-8AC3C118F458}"
EndProject
Global
	GlobalSection(SolutionConfigurationPlatforms) = preSolution
		Debug|Any CPU = Debug|Any CPU
		Debug|ARM = Debug|ARM
		Debug|iPhone = Debug|iPhone
		Debug|iPhoneSimulator = Debug|iPhoneSimulator
		Debug|x64 = Debug|x64
		Debug|x86 = Debug|x86
		Release|Any CPU = Release|Any CPU
		Release|ARM = Release|ARM
		Release|iPhone = Release|iPhone
		Release|iPhoneSimulator = Release|iPhoneSimulator
		Release|x64 = Release|x64
		Release|x86 = Release|x86
	EndGlobalSection
	GlobalSection(ProjectConfigurationPlatforms) = postSolution
		{8AC5E5D0-FC25-4B29-AB75-57FEA0214375}.Debug|Any CPU.ActiveCfg = Debug|x64
		{8AC5E5D0-FC25-4B29-AB75-57FEA0214375}.Debug|Any CPU.Build.0 = Debug|x64
		{8AC5E5D0-FC25-4B29-AB75-57FEA0214375}.Debug|Any CPU.Deploy.0 = Debug|x64
		{8AC5E5D0-FC25-4B29-AB75-57FEA0214375}.Debug|ARM.ActiveCfg = Debug|ARM
		{8AC5E5D0-FC25-4B29-AB75-57FEA0214375}.Debug|ARM.Build.0 = Debug|ARM
		{8AC5E5D0-FC25-4B29-AB75-57FEA0214375}.Debug|ARM.Deploy.0 = Debug|ARM
		{8AC5E5D0-FC25-4B29-AB75-57FEA0214375}.Debug|iPhone.ActiveCfg = Debug|x64
		{8AC5E5D0-FC25-4B29-AB75-57FEA0214375}.Debug|iPhone.Build.0 = Debug|x64
		{8AC5E5D0-FC25-4B29-AB75-57FEA0214375}.Debug|iPhone.Deploy.0 = Debug|x64
		{8AC5E5D0-FC25-4B29-AB75-57FEA0214375}.Debug|iPhoneSimulator.ActiveCfg = Debug|x64
		{8AC5E5D0-FC25-4B29-AB75-57FEA0214375}.Debug|iPhoneSimulator.Build.0 = Debug|x64
		{8AC5E5D0-FC25-4B29-AB75-57FEA0214375}.Debug|iPhoneSimulator.Deploy.0 = Debug|x64
		{8AC5E5D0-FC25-4B29-AB75-57FEA0214375}.Debug|x64.ActiveCfg = Debug|x64
		{8AC5E5D0-FC25-4B29-AB75-57FEA0214375}.Debug|x64.Build.0 = Debug|x64
		{8AC5E5D0-FC25-4B29-AB75-57FEA0214375}.Debug|x64.Deploy.0 = Debug|x64
		{8AC5E5D0-FC25-4B29-AB75-57FEA0214375}.Debug|x86.ActiveCfg = Debug|x86
		{8AC5E5D0-FC25-4B29-AB75-57FEA0214375}.Debug|x86.Build.0 = Debug|x86
		{8AC5E5D0-FC25-4B29-AB75-57FEA0214375}.Debug|x86.Deploy.0 = Debug|x86
		{8AC5E5D0-FC25-4B29-AB75-57FEA0214375}.Release|Any CPU.ActiveCfg = Release|x64
		{8AC5E5D0-FC25-4B29-AB75-57FEA0214375}.Release|Any CPU.Build.0 = Release|x64
		{8AC5E5D0-FC25-4B29-AB75-57FEA0214375}.Release|Any CPU.Deploy.0 = Release|x64
		{8AC5E5D0-FC25-4B29-AB75-57FEA0214375}.Release|ARM.ActiveCfg = Release|ARM
		{8AC5E5D0-FC25-4B29-AB75-57FEA0214375}.Release|ARM.Build.0 = Release|ARM
		{8AC5E5D0-FC25-4B29-AB75-57FEA0214375}.Release|ARM.Deploy.0 = Release|ARM
		{8AC5E5D0-FC25-4B29-AB75-57FEA0214375}.Release|iPhone.ActiveCfg = Release|x64
		{8AC5E5D0-FC25-4B29-AB75-57FEA0214375}.Release|iPhone.Build.0 = Release|x64
		{8AC5E5D0-FC25-4B29-AB75-57FEA0214375}.Release|iPhone.Deploy.0 = Release|x64
		{8AC5E5D0-FC25-4B29-AB75-57FEA0214375}.Release|iPhoneSimulator.ActiveCfg = Release|x64
		{8AC5E5D0-FC25-4B29-AB75-57FEA0214375}.Release|iPhoneSimulator.Build.0 = Release|x64
		{8AC5E5D0-FC25-4B29-AB75-57FEA0214375}.Release|iPhoneSimulator.Deploy.0 = Release|x64
		{8AC5E5D0-FC25-4B29-AB75-57FEA0214375}.Release|x64.ActiveCfg = Release|x64
		{8AC5E5D0-FC25-4B29-AB75-57FEA0214375}.Release|x64.Build.0 = Release|x64
		{8AC5E5D0-FC25-4B29-AB75-57FEA0214375}.Release|x64.Deploy.0 = Release|x64
		{8AC5E5D0-FC25-4B29-AB75-57FEA0214375}.Release|x86.ActiveCfg = Release|x86
		{8AC5E5D0-FC25-4B29-AB75-57FEA0214375}.Release|x86.Build.0 = Release|x86
		{8AC5E5D0-FC25-4B29-AB75-57FEA0214375}.Release|x86.Deploy.0 = Release|x86
		{AEC41E63-FEBD-4A74-9241-AB4791C05B32}.Debug|Any CPU.ActiveCfg = Debug|Any CPU
		{AEC41E63-FEBD-4A74-9241-AB4791C05B32}.Debug|Any CPU.Build.0 = Debug|Any CPU
		{AEC41E63-FEBD-4A74-9241-AB4791C05B32}.Debug|Any CPU.Deploy.0 = Debug|Any CPU
		{AEC41E63-FEBD-4A74-9241-AB4791C05B32}.Debug|ARM.ActiveCfg = Debug|Any CPU
		{AEC41E63-FEBD-4A74-9241-AB4791C05B32}.Debug|ARM.Build.0 = Debug|Any CPU
		{AEC41E63-FEBD-4A74-9241-AB4791C05B32}.Debug|ARM.Deploy.0 = Debug|Any CPU
		{AEC41E63-FEBD-4A74-9241-AB4791C05B32}.Debug|iPhone.ActiveCfg = Debug|Any CPU
		{AEC41E63-FEBD-4A74-9241-AB4791C05B32}.Debug|iPhone.Build.0 = Debug|Any CPU
		{AEC41E63-FEBD-4A74-9241-AB4791C05B32}.Debug|iPhone.Deploy.0 = Debug|Any CPU
		{AEC41E63-FEBD-4A74-9241-AB4791C05B32}.Debug|iPhoneSimulator.ActiveCfg = Debug|Any CPU
		{AEC41E63-FEBD-4A74-9241-AB4791C05B32}.Debug|iPhoneSimulator.Build.0 = Debug|Any CPU
		{AEC41E63-FEBD-4A74-9241-AB4791C05B32}.Debug|iPhoneSimulator.Deploy.0 = Debug|Any CPU
		{AEC41E63-FEBD-4A74-9241-AB4791C05B32}.Debug|x64.ActiveCfg = Debug|Any CPU
		{AEC41E63-FEBD-4A74-9241-AB4791C05B32}.Debug|x64.Build.0 = Debug|Any CPU
		{AEC41E63-FEBD-4A74-9241-AB4791C05B32}.Debug|x64.Deploy.0 = Debug|Any CPU
		{AEC41E63-FEBD-4A74-9241-AB4791C05B32}.Debug|x86.ActiveCfg = Debug|Any CPU
		{AEC41E63-FEBD-4A74-9241-AB4791C05B32}.Debug|x86.Build.0 = Debug|Any CPU
		{AEC41E63-FEBD-4A74-9241-AB4791C05B32}.Debug|x86.Deploy.0 = Debug|Any CPU
		{AEC41E63-FEBD-4A74-9241-AB4791C05B32}.Release|Any CPU.ActiveCfg = Release|Any CPU
		{AEC41E63-FEBD-4A74-9241-AB4791C05B32}.Release|Any CPU.Build.0 = Release|Any CPU
		{AEC41E63-FEBD-4A74-9241-AB4791C05B32}.Release|Any CPU.Deploy.0 = Release|Any CPU
		{AEC41E63-FEBD-4A74-9241-AB4791C05B32}.Release|ARM.ActiveCfg = Release|Any CPU
		{AEC41E63-FEBD-4A74-9241-AB4791C05B32}.Release|ARM.Build.0 = Release|Any CPU
		{AEC41E63-FEBD-4A74-9241-AB4791C05B32}.Release|ARM.Deploy.0 = Release|Any CPU
		{AEC41E63-FEBD-4A74-9241-AB4791C05B32}.Release|iPhone.ActiveCfg = Release|Any CPU
		{AEC41E63-FEBD-4A74-9241-AB4791C05B32}.Release|iPhone.Build.0 = Release|Any CPU
		{AEC41E63-FEBD-4A74-9241-AB4791C05B32}.Release|iPhone.Deploy.0 = Release|Any CPU
		{AEC41E63-FEBD-4A74-9241-AB4791C05B32}.Release|iPhoneSimulator.ActiveCfg = Release|Any CPU
		{AEC41E63-FEBD-4A74-9241-AB4791C05B32}.Release|iPhoneSimulator.Build.0 = Release|Any CPU
		{AEC41E63-FEBD-4A74-9241-AB4791C05B32}.Release|iPhoneSimulator.Deploy.0 = Release|Any CPU
		{AEC41E63-FEBD-4A74-9241-AB4791C05B32}.Release|x64.ActiveCfg = Release|Any CPU
		{AEC41E63-FEBD-4A74-9241-AB4791C05B32}.Release|x64.Build.0 = Release|Any CPU
		{AEC41E63-FEBD-4A74-9241-AB4791C05B32}.Release|x64.Deploy.0 = Release|Any CPU
		{AEC41E63-FEBD-4A74-9241-AB4791C05B32}.Release|x86.ActiveCfg = Release|Any CPU
		{AEC41E63-FEBD-4A74-9241-AB4791C05B32}.Release|x86.Build.0 = Release|Any CPU
		{AEC41E63-FEBD-4A74-9241-AB4791C05B32}.Release|x86.Deploy.0 = Release|Any CPU
		{7AEF2C06-4A76-49DE-94C0-15265BB6551F}.Debug|Any CPU.ActiveCfg = Debug|iPhoneSimulator
		{7AEF2C06-4A76-49DE-94C0-15265BB6551F}.Debug|Any CPU.Build.0 = Debug|iPhoneSimulator
		{7AEF2C06-4A76-49DE-94C0-15265BB6551F}.Debug|Any CPU.Deploy.0 = Debug|iPhoneSimulator
		{7AEF2C06-4A76-49DE-94C0-15265BB6551F}.Debug|ARM.ActiveCfg = Debug|iPhoneSimulator
		{7AEF2C06-4A76-49DE-94C0-15265BB6551F}.Debug|ARM.Build.0 = Debug|iPhoneSimulator
		{7AEF2C06-4A76-49DE-94C0-15265BB6551F}.Debug|ARM.Deploy.0 = Debug|iPhoneSimulator
		{7AEF2C06-4A76-49DE-94C0-15265BB6551F}.Debug|iPhone.ActiveCfg = Debug|iPhone
		{7AEF2C06-4A76-49DE-94C0-15265BB6551F}.Debug|iPhone.Build.0 = Debug|iPhone
		{7AEF2C06-4A76-49DE-94C0-15265BB6551F}.Debug|iPhone.Deploy.0 = Debug|iPhone
		{7AEF2C06-4A76-49DE-94C0-15265BB6551F}.Debug|iPhoneSimulator.ActiveCfg = Debug|iPhoneSimulator
		{7AEF2C06-4A76-49DE-94C0-15265BB6551F}.Debug|iPhoneSimulator.Build.0 = Debug|iPhoneSimulator
		{7AEF2C06-4A76-49DE-94C0-15265BB6551F}.Debug|iPhoneSimulator.Deploy.0 = Debug|iPhoneSimulator
		{7AEF2C06-4A76-49DE-94C0-15265BB6551F}.Debug|x64.ActiveCfg = Debug|iPhone
		{7AEF2C06-4A76-49DE-94C0-15265BB6551F}.Debug|x64.Build.0 = Debug|iPhone
		{7AEF2C06-4A76-49DE-94C0-15265BB6551F}.Debug|x64.Deploy.0 = Debug|iPhone
		{7AEF2C06-4A76-49DE-94C0-15265BB6551F}.Debug|x86.ActiveCfg = Debug|iPhoneSimulator
		{7AEF2C06-4A76-49DE-94C0-15265BB6551F}.Debug|x86.Build.0 = Debug|iPhoneSimulator
		{7AEF2C06-4A76-49DE-94C0-15265BB6551F}.Debug|x86.Deploy.0 = Debug|iPhoneSimulator
		{7AEF2C06-4A76-49DE-94C0-15265BB6551F}.Release|Any CPU.ActiveCfg = Release|iPhoneSimulator
		{7AEF2C06-4A76-49DE-94C0-15265BB6551F}.Release|Any CPU.Build.0 = Release|iPhoneSimulator
		{7AEF2C06-4A76-49DE-94C0-15265BB6551F}.Release|Any CPU.Deploy.0 = Release|iPhoneSimulator
		{7AEF2C06-4A76-49DE-94C0-15265BB6551F}.Release|ARM.ActiveCfg = Release|iPhoneSimulator
		{7AEF2C06-4A76-49DE-94C0-15265BB6551F}.Release|ARM.Build.0 = Release|iPhoneSimulator
		{7AEF2C06-4A76-49DE-94C0-15265BB6551F}.Release|ARM.Deploy.0 = Release|iPhoneSimulator
		{7AEF2C06-4A76-49DE-94C0-15265BB6551F}.Release|iPhone.ActiveCfg = Release|iPhone
		{7AEF2C06-4A76-49DE-94C0-15265BB6551F}.Release|iPhone.Build.0 = Release|iPhone
		{7AEF2C06-4A76-49DE-94C0-15265BB6551F}.Release|iPhone.Deploy.0 = Release|iPhone
		{7AEF2C06-4A76-49DE-94C0-15265BB6551F}.Release|iPhoneSimulator.ActiveCfg = Release|iPhoneSimulator
		{7AEF2C06-4A76-49DE-94C0-15265BB6551F}.Release|iPhoneSimulator.Build.0 = Release|iPhoneSimulator
		{7AEF2C06-4A76-49DE-94C0-15265BB6551F}.Release|iPhoneSimulator.Deploy.0 = Release|iPhoneSimulator
		{7AEF2C06-4A76-49DE-94C0-15265BB6551F}.Release|x64.ActiveCfg = Release|iPhoneSimulator
		{7AEF2C06-4A76-49DE-94C0-15265BB6551F}.Release|x64.Build.0 = Release|iPhoneSimulator
		{7AEF2C06-4A76-49DE-94C0-15265BB6551F}.Release|x64.Deploy.0 = Release|iPhoneSimulator
		{7AEF2C06-4A76-49DE-94C0-15265BB6551F}.Release|x86.ActiveCfg = Release|iPhoneSimulator
		{7AEF2C06-4A76-49DE-94C0-15265BB6551F}.Release|x86.Build.0 = Release|iPhoneSimulator
		{7AEF2C06-4A76-49DE-94C0-15265BB6551F}.Release|x86.Deploy.0 = Release|iPhoneSimulator
		{2DB38C11-DA7C-44FF-8952-8AC3C118F458}.Debug|Any CPU.ActiveCfg = Debug|Any CPU
		{2DB38C11-DA7C-44FF-8952-8AC3C118F458}.Debug|Any CPU.Build.0 = Debug|Any CPU
		{2DB38C11-DA7C-44FF-8952-8AC3C118F458}.Debug|Any CPU.Deploy.0 = Debug|Any CPU
		{2DB38C11-DA7C-44FF-8952-8AC3C118F458}.Debug|ARM.ActiveCfg = Debug|Any CPU
		{2DB38C11-DA7C-44FF-8952-8AC3C118F458}.Debug|ARM.Build.0 = Debug|Any CPU
		{2DB38C11-DA7C-44FF-8952-8AC3C118F458}.Debug|ARM.Deploy.0 = Debug|Any CPU
		{2DB38C11-DA7C-44FF-8952-8AC3C118F458}.Debug|iPhone.ActiveCfg = Debug|Any CPU
		{2DB38C11-DA7C-44FF-8952-8AC3C118F458}.Debug|iPhone.Build.0 = Debug|Any CPU
		{2DB38C11-DA7C-44FF-8952-8AC3C118F458}.Debug|iPhone.Deploy.0 = Debug|Any CPU
		{2DB38C11-DA7C-44FF-8952-8AC3C118F458}.Debug|iPhoneSimulator.ActiveCfg = Debug|Any CPU
		{2DB38C11-DA7C-44FF-8952-8AC3C118F458}.Debug|iPhoneSimulator.Build.0 = Debug|Any CPU
		{2DB38C11-DA7C-44FF-8952-8AC3C118F458}.Debug|iPhoneSimulator.Deploy.0 = Debug|Any CPU
		{2DB38C11-DA7C-44FF-8952-8AC3C118F458}.Debug|x64.ActiveCfg = Debug|Any CPU
		{2DB38C11-DA7C-44FF-8952-8AC3C118F458}.Debug|x64.Build.0 = Debug|Any CPU
		{2DB38C11-DA7C-44FF-8952-8AC3C118F458}.Debug|x64.Deploy.0 = Debug|Any CPU
		{2DB38C11-DA7C-44FF-8952-8AC3C118F458}.Debug|x86.ActiveCfg = Debug|Any CPU
		{2DB38C11-DA7C-44FF-8952-8AC3C118F458}.Debug|x86.Build.0 = Debug|Any CPU
		{2DB38C11-DA7C-44FF-8952-8AC3C118F458}.Debug|x86.Deploy.0 = Debug|Any CPU
		{2DB38C11-DA7C-44FF-8952-8AC3C118F458}.Release|Any CPU.ActiveCfg = Release|Any CPU
		{2DB38C11-DA7C-44FF-8952-8AC3C118F458}.Release|Any CPU.Build.0 = Release|Any CPU
		{2DB38C11-DA7C-44FF-8952-8AC3C118F458}.Release|Any CPU.Deploy.0 = Release|Any CPU
		{2DB38C11-DA7C-44FF-8952-8AC3C118F458}.Release|ARM.ActiveCfg = Release|Any CPU
		{2DB38C11-DA7C-44FF-8952-8AC3C118F458}.Release|ARM.Build.0 = Release|Any CPU
		{2DB38C11-DA7C-44FF-8952-8AC3C118F458}.Release|ARM.Deploy.0 = Release|Any CPU
		{2DB38C11-DA7C-44FF-8952-8AC3C118F458}.Release|iPhone.ActiveCfg = Release|Any CPU
		{2DB38C11-DA7C-44FF-8952-8AC3C118F458}.Release|iPhone.Build.0 = Release|Any CPU
		{2DB38C11-DA7C-44FF-8952-8AC3C118F458}.Release|iPhone.Deploy.0 = Release|Any CPU
		{2DB38C11-DA7C-44FF-8952-8AC3C118F458}.Release|iPhoneSimulator.ActiveCfg = Release|Any CPU
		{2DB38C11-DA7C-44FF-8952-8AC3C118F458}.Release|iPhoneSimulator.Build.0 = Release|Any CPU
		{2DB38C11-DA7C-44FF-8952-8AC3C118F458}.Release|iPhoneSimulator.Deploy.0 = Release|Any CPU
		{2DB38C11-DA7C-44FF-8952-8AC3C118F458}.Release|x64.ActiveCfg = Release|Any CPU
		{2DB38C11-DA7C-44FF-8952-8AC3C118F458}.Release|x64.Build.0 = Release|Any CPU
		{2DB38C11-DA7C-44FF-8952-8AC3C118F458}.Release|x64.Deploy.0 = Release|Any CPU
		{2DB38C11-DA7C-44FF-8952-8AC3C118F458}.Release|x86.ActiveCfg = Release|Any CPU
		{2DB38C11-DA7C-44FF-8952-8AC3C118F458}.Release|x86.Build.0 = Release|Any CPU
		{2DB38C11-DA7C-44FF-8952-8AC3C118F458}.Release|x86.Deploy.0 = Release|Any CPU
	EndGlobalSection
	GlobalSection(SolutionProperties) = preSolution
		HideSolutionNode = FALSE
	EndGlobalSection
	GlobalSection(ExtensibilityGlobals) = postSolution
		SolutionGuid = {6B755689-1686-43CD-A045-2C90D6A34962}
	EndGlobalSection
EndGlobal
